<?xml version="1.0" encoding="utf-8"?>
<Project ToolsVersion="4.0" xmlns="http://schemas.microsoft.com/developer/msbuild/2003">
  <ItemGroup>
    <Filter Include="源文件">
      <UniqueIdentifier>{4FC737F1-C7A5-4376-A066-2A32D752A2FF}</UniqueIdentifier>
      <Extensions>cpp;c;cc;cxx;c++;cppm;ixx;def;odl;idl;hpj;bat;asm;asmx</Extensions>
    </Filter>
    <Filter Include="头文件">
      <UniqueIdentifier>{93995380-89BD-4b04-88EB-625FBE52EBFB}</UniqueIdentifier>
      <Extensions>h;hh;hpp;hxx;h++;hm;inl;inc;ipp;xsd</Extensions>
    </Filter>
    <Filter Include="资源文件">
      <UniqueIdentifier>{67DA6AB6-F800-4c08-8B7A-83BB121AAD01}</UniqueIdentifier>
      <Extensions>rc;ico;cur;bmp;dlg;rc2;rct;bin;rgs;gif;jpg;jpeg;jpe;resx;tiff;tif;png;wav;mfcribbon-ms</Extensions>
    </Filter>
  </ItemGroup>
  <ItemGroup>
    <ClInclude Include="MINI12306.h">
      <Filter>头文件</Filter>
    </ClInclude>
    <ClInclude Include="MINI12306Dlg.h">
      <Filter>头文件</Filter>
    </ClInclude>
    <ClInclude Include="framework.h">
      <Filter>头文件</Filter>
    </ClInclude>
    <ClInclude Include="targetver.h">
      <Filter>头文件</Filter>
    </ClInclude>
    <ClInclude Include="Resource.h">
      <Filter>头文件</Filter>
    </ClInclude>
    <ClInclude Include="pch.h">
      <Filter>头文件</Filter>
    </ClInclude>
    <ClInclude Include="CityManager.h">
      <Filter>头文件</Filter>
    </ClInclude>
    <ClInclude Include="FlightInfo.h">
      <Filter>头文件</Filter>
    </ClInclude>
    <ClInclude Include="FlightManager.h">
      <Filter>头文件</Filter>
    </ClInclude>
    <ClInclude Include="User.h">
      <Filter>头文件</Filter>
    </ClInclude>
    <ClInclude Include="UsersManager.h">
      <Filter>头文件</Filter>
    </ClInclude>
    <ClInclude Include="CRegister.h">
      <Filter>头文件</Filter>
    </ClInclude>
    <ClInclude Include="CPassenger.h">
      <Filter>头文件</Filter>
    </ClInclude>
    <ClInclude Include="CResetDialog1.h">
      <Filter>头文件</Filter>
    </ClInclude>
    <ClInclude Include="CFindFlightDlg.h">
      <Filter>头文件</Filter>
    </ClInclude>
    <ClInclude Include="CEnsureInfoDlg.h">
      <Filter>头文件</Filter>
    </ClInclude>
    <ClInclude Include="CbookedDlg.h">
      <Filter>头文件</Filter>
    </ClInclude>
    <ClInclude Include="CRechargeDlg.h">
      <Filter>头文件</Filter>
    </ClInclude>
  </ItemGroup>
  <ItemGroup>
    <ClCompile Include="MINI12306.cpp">
      <Filter>源文件</Filter>
    </ClCompile>
    <ClCompile Include="MINI12306Dlg.cpp">
      <Filter>源文件</Filter>
    </ClCompile>
    <ClCompile Include="pch.cpp">
      <Filter>源文件</Filter>
    </ClCompile>
    <ClCompile Include="CRegister.cpp">
      <Filter>源文件</Filter>
    </ClCompile>
    <ClCompile Include="FlightManager.cpp">
      <Filter>源文件</Filter>
    </ClCompile>
    <ClCompile Include="UsersManager.cpp">
      <Filter>源文件</Filter>
    </ClCompile>
    <ClCompile Include="CityManager.cpp">
      <Filter>源文件</Filter>
    </ClCompile>
    <ClCompile Include="CPassenger.cpp">
      <Filter>源文件</Filter>
    </ClCompile>
    <ClCompile Include="CResetDialog1.cpp">
      <Filter>源文件</Filter>
    </ClCompile>
    <ClCompile Include="CFindFlightDlg.cpp">
      <Filter>源文件</Filter>
    </ClCompile>
    <ClCompile Include="CEnsureInfoDlg.cpp">
      <Filter>源文件</Filter>
    </ClCompile>
    <ClCompile Include="CbookedDlg.cpp">
      <Filter>源文件</Filter>
    </ClCompile>
    <ClCompile Include="CRechargeDlg.cpp">
      <Filter>源文件</Filter>
    </ClCompile>
  </ItemGroup>
  <ItemGroup>
    <ResourceCompile Include="MINI12306.rc">
      <Filter>资源文件</Filter>
    </ResourceCompile>
  </ItemGroup>
  <ItemGroup>
    <None Include="res\MINI12306.rc2">
      <Filter>资源文件</Filter>
    </None>
  </ItemGroup>
  <ItemGroup>
    <Image Include="res\MINI12306.ico">
      <Filter>资源文件</Filter>
    </Image>
  </ItemGroup>
</Project>